
Microsoft Visual Studio Solution File, Format Version 12.00
# Visual Studio Version 17
VisualStudioVersion = 17.3.32929.385
MinimumVisualStudioVersion = 10.0.40219.1
Project("{FAE04EC0-301F-11D3-BF4B-00C04F79EFBC}") = "CBZMage", "MyCBZ\CBZMage.csproj", "{EAE8AA9F-037C-4B1E-B4CB-1642096649CE}"
EndProject
Global
	GlobalSection(SolutionConfigurationPlatforms) = preSolution
		Debug|Any CPU = Debug|Any CPU
		Release|Any CPU = Release|Any CPU
	EndGlobalSection
	GlobalSection(ProjectConfigurationPlatforms) = postSolution
		{EAE8AA9F-037C-4B1E-B4CB-1642096649CE}.Debug|Any CPU.ActiveCfg = Debug|Any CPU
		{EAE8AA9F-037C-4B1E-B4CB-1642096649CE}.Debug|Any CPU.Build.0 = Debug|Any CPU
		{EAE8AA9F-037C-4B1E-B4CB-1642096649CE}.Release|Any CPU.ActiveCfg = Release|Any CPU
		{EAE8AA9F-037C-4B1E-B4CB-1642096649CE}.Release|Any CPU.Build.0 = Release|Any CPU
	EndGlobalSection
	GlobalSection(SolutionProperties) = preSolution
		HideSolutionNode = FALSE
	EndGlobalSection
	GlobalSection(ExtensibilityGlobals) = postSolution
		SolutionGuid = {9B213932-A8A3-4D16-9F45-10CF1F2BFBCC}
	EndGlobalSection
EndGlobal
