
Microsoft Visual Studio Solution File, Format Version 12.00
# Visual Studio Version 17
VisualStudioVersion = 17.3.32929.385
MinimumVisualStudioVersion = 10.0.40219.1
Project("{FAE04EC0-301F-11D3-BF4B-00C04F79EFBC}") = "Win_CBZ", "MyCBZ\Win_CBZ.csproj", "{EAE8AA9F-037C-4B1E-B4CB-1642096649CE}"
EndProject
Project("{2150E333-8FDC-42A3-9474-1A3956D46DE8}") = "Projektmappenelemente", "Projektmappenelemente", "{EF69A985-DE9A-4D68-A70A-0B1F5BCFA6DB}"
	ProjectSection(SolutionItems) = preProject
		Readme.md = Readme.md
		meta\Screenshot.jpg = meta\Screenshot.jpg
	EndProjectSection
EndProject
Project("{54435603-DBB4-11D2-8724-00A0C9A8B90C}") = "Win_CBZ-Setup", "Win_CBZ-Setup\Win_CBZ-Setup.vdproj", "{37E47093-BE3B-4587-8628-F50BD5D3943A}"
EndProject
Global
	GlobalSection(SolutionConfigurationPlatforms) = preSolution
		Debug|Any CPU = Debug|Any CPU
		Release|Any CPU = Release|Any CPU
	EndGlobalSection
	GlobalSection(ProjectConfigurationPlatforms) = postSolution
		{EAE8AA9F-037C-4B1E-B4CB-1642096649CE}.Debug|Any CPU.ActiveCfg = Debug|Any CPU
		{EAE8AA9F-037C-4B1E-B4CB-1642096649CE}.Debug|Any CPU.Build.0 = Debug|Any CPU
		{EAE8AA9F-037C-4B1E-B4CB-1642096649CE}.Release|Any CPU.ActiveCfg = Release|Any CPU
		{EAE8AA9F-037C-4B1E-B4CB-1642096649CE}.Release|Any CPU.Build.0 = Release|Any CPU
		{37E47093-BE3B-4587-8628-F50BD5D3943A}.Debug|Any CPU.ActiveCfg = Debug
		{37E47093-BE3B-4587-8628-F50BD5D3943A}.Release|Any CPU.ActiveCfg = Release
	EndGlobalSection
	GlobalSection(SolutionProperties) = preSolution
		HideSolutionNode = FALSE
	EndGlobalSection
	GlobalSection(ExtensibilityGlobals) = postSolution
		SolutionGuid = {9B213932-A8A3-4D16-9F45-10CF1F2BFBCC}
	EndGlobalSection
EndGlobal
